
Microsoft Visual Studio Solution File, Format Version 12.00
# Visual Studio Version 17
VisualStudioVersion = 17.8.34330.188
MinimumVisualStudioVersion = 10.0.40219.1
Project("{FAE04EC0-301F-11D3-BF4B-00C04F79EFBC}") = "Assignment-03", "Assignment-03\Assignment-03.csproj", "{380CC0E5-F5E9-4400-82AA-2A14105992F3}"
EndProject
Global
	GlobalSection(SolutionConfigurationPlatforms) = preSolution
		Debug|Any CPU = Debug|Any CPU
		Release|Any CPU = Release|Any CPU
	EndGlobalSection
	GlobalSection(ProjectConfigurationPlatforms) = postSolution
		{380CC0E5-F5E9-4400-82AA-2A14105992F3}.Debug|Any CPU.ActiveCfg = Debug|Any CPU
		{380CC0E5-F5E9-4400-82AA-2A14105992F3}.Debug|Any CPU.Build.0 = Debug|Any CPU
		{380CC0E5-F5E9-4400-82AA-2A14105992F3}.Release|Any CPU.ActiveCfg = Release|Any CPU
		{380CC0E5-F5E9-4400-82AA-2A14105992F3}.Release|Any CPU.Build.0 = Release|Any CPU
	EndGlobalSection
	GlobalSection(SolutionProperties) = preSolution
		HideSolutionNode = FALSE
	EndGlobalSection
	GlobalSection(ExtensibilityGlobals) = postSolution
		SolutionGuid = {D90BC941-AF8A-41E8-92F8-AE05E7466E65}
	EndGlobalSection
EndGlobal
